<?xml version="1.0" encoding="utf-8"?>
<Project ToolsVersion="4.0" xmlns="http://schemas.microsoft.com/developer/msbuild/2003">
  <ItemGroup>
    <ClCompile Include="game.cpp" />
    <ClCompile Include="stdafx.cpp" />
    <ClCompile Include="field.cpp" />
    <ClCompile Include="ball.cpp" />
    <ClCompile Include="player.cpp" />
    <ClCompile Include="team.cpp" />
    <ClCompile Include="match.cpp" />
    <ClCompile Include="referee.cpp" />
    <ClCompile Include="actionPlayer\blankaction.cpp">
      <Filter>actionPlayer</Filter>
    </ClCompile>
    <ClCompile Include="actionPlayer\playeractionmain.cpp">
      <Filter>actionPlayer</Filter>
    </ClCompile>
    <ClCompile Include="actionPlayer\playerkickoffaction.cpp">
      <Filter>actionPlayer</Filter>
    </ClCompile>
    <ClCompile Include="actionTeam\teamkickoffaction.cpp">
      <Filter>actionTeam</Filter>
    </ClCompile>
    <ClCompile Include="halfformation.cpp" />
  </ItemGroup>
  <ItemGroup>
    <ClInclude Include="stdafx.h" />
    <ClInclude Include="field.h" />
    <ClInclude Include="soccerdef.h" />
    <ClInclude Include="ball.h" />
    <ClInclude Include="soccerai.h" />
    <ClInclude Include="player.h" />
    <ClInclude Include="team.h" />
    <ClInclude Include="match.h" />
    <ClInclude Include="referee.h" />
    <ClInclude Include="actionPlayer\blankaction.h">
      <Filter>actionPlayer</Filter>
    </ClInclude>
    <ClInclude Include="actionPlayer\playeractionmain.h">
      <Filter>actionPlayer</Filter>
    </ClInclude>
    <ClInclude Include="actionPlayer\playerkickoffaction.h">
      <Filter>actionPlayer</Filter>
    </ClInclude>
    <ClInclude Include="actionTeam\teamkickoffaction.h">
      <Filter>actionTeam</Filter>
    </ClInclude>
    <ClInclude Include="halfformation.h" />
  </ItemGroup>
  <ItemGroup>
    <Filter Include="actionTeam">
      <UniqueIdentifier>{aa8bfcfc-cf2e-499e-b36a-eea192889ce7}</UniqueIdentifier>
    </Filter>
    <Filter Include="actionPlayer">
      <UniqueIdentifier>{ef0b5f91-40f9-4f27-9214-2593480212c9}</UniqueIdentifier>
    </Filter>
  </ItemGroup>
</Project>